
Microsoft Visual Studio Solution File, Format Version 12.00
# Visual Studio Version 17
VisualStudioVersion = 17.2.32616.157
MinimumVisualStudioVersion = 10.0.40219.1
Project("{9A19103F-16F7-4668-BE54-9A1E7A4F7556}") = "SRTPluginBase", "src\SRTPluginBase\SRTPluginBase.csproj", "{3C09B024-EDAB-4A6E-94F7-A48AD49382B4}"
EndProject
Global
	GlobalSection(SolutionConfigurationPlatforms) = preSolution
		Debug|Any CPU = Debug|Any CPU
		Release|Any CPU = Release|Any CPU
	EndGlobalSection
	GlobalSection(ProjectConfigurationPlatforms) = postSolution
		{3C09B024-EDAB-4A6E-94F7-A48AD49382B4}.Debug|Any CPU.ActiveCfg = Debug|Any CPU
		{3C09B024-EDAB-4A6E-94F7-A48AD49382B4}.Debug|Any CPU.Build.0 = Debug|Any CPU
		{3C09B024-EDAB-4A6E-94F7-A48AD49382B4}.Release|Any CPU.ActiveCfg = Release|Any CPU
		{3C09B024-EDAB-4A6E-94F7-A48AD49382B4}.Release|Any CPU.Build.0 = Release|Any CPU
	EndGlobalSection
	GlobalSection(SolutionProperties) = preSolution
		HideSolutionNode = FALSE
	EndGlobalSection
	GlobalSection(ExtensibilityGlobals) = postSolution
		SolutionGuid = {1CC03F2E-5F2B-4B0E-86DF-677D193A5D7E}
	EndGlobalSection
EndGlobal
